
Microsoft Visual Studio Solution File, Format Version 12.00
# Visual Studio Version 16
VisualStudioVersion = 16.0.30523.141
MinimumVisualStudioVersion = 10.0.40219.1
Project("{9A19103F-16F7-4668-BE54-9A1E7A4F7556}") = "Equinox.Questions.Entities", "src\Equinox.Questions.Entities\Equinox.Questions.Entities.csproj", "{2F0A616F-F424-46F9-8292-BD05FCA256C1}"
EndProject
Project("{9A19103F-16F7-4668-BE54-9A1E7A4F7556}") = "Equinox.Questions.Services", "src\Equinox.Questions.Services\Equinox.Questions.Services.csproj", "{1F69D17E-7E65-4A21-8C3B-6713D7D906EE}"
EndProject
Project("{9A19103F-16F7-4668-BE54-9A1E7A4F7556}") = "Equinox.Common.Connection", "src\Equinox.Common.Connection\Equinox.Common.Connection.csproj", "{431D75C2-DFF9-4018-9FED-6364CEB5C12C}"
EndProject
Global
	GlobalSection(SolutionConfigurationPlatforms) = preSolution
		Debug|Any CPU = Debug|Any CPU
		Release|Any CPU = Release|Any CPU
	EndGlobalSection
	GlobalSection(ProjectConfigurationPlatforms) = postSolution
		{2F0A616F-F424-46F9-8292-BD05FCA256C1}.Debug|Any CPU.ActiveCfg = Debug|Any CPU
		{2F0A616F-F424-46F9-8292-BD05FCA256C1}.Debug|Any CPU.Build.0 = Debug|Any CPU
		{2F0A616F-F424-46F9-8292-BD05FCA256C1}.Release|Any CPU.ActiveCfg = Release|Any CPU
		{2F0A616F-F424-46F9-8292-BD05FCA256C1}.Release|Any CPU.Build.0 = Release|Any CPU
		{1F69D17E-7E65-4A21-8C3B-6713D7D906EE}.Debug|Any CPU.ActiveCfg = Debug|Any CPU
		{1F69D17E-7E65-4A21-8C3B-6713D7D906EE}.Debug|Any CPU.Build.0 = Debug|Any CPU
		{1F69D17E-7E65-4A21-8C3B-6713D7D906EE}.Release|Any CPU.ActiveCfg = Release|Any CPU
		{1F69D17E-7E65-4A21-8C3B-6713D7D906EE}.Release|Any CPU.Build.0 = Release|Any CPU
		{431D75C2-DFF9-4018-9FED-6364CEB5C12C}.Debug|Any CPU.ActiveCfg = Debug|Any CPU
		{431D75C2-DFF9-4018-9FED-6364CEB5C12C}.Debug|Any CPU.Build.0 = Debug|Any CPU
		{431D75C2-DFF9-4018-9FED-6364CEB5C12C}.Release|Any CPU.ActiveCfg = Release|Any CPU
		{431D75C2-DFF9-4018-9FED-6364CEB5C12C}.Release|Any CPU.Build.0 = Release|Any CPU
	EndGlobalSection
	GlobalSection(SolutionProperties) = preSolution
		HideSolutionNode = FALSE
	EndGlobalSection
	GlobalSection(ExtensibilityGlobals) = postSolution
		SolutionGuid = {5501DA86-4C60-4672-ACB8-2BA05C5B125E}
	EndGlobalSection
EndGlobal
